
Microsoft Visual Studio Solution File, Format Version 12.00
# Visual Studio Version 17
VisualStudioVersion = 17.3.32929.385
MinimumVisualStudioVersion = 10.0.40219.1
Project("{9A19103F-16F7-4668-BE54-9A1E7A4F7556}") = "Sat.Recruitment.Api", "Sat.Recruitment.Api\Sat.Recruitment.Api.csproj", "{1F342EA2-E7B1-4E53-AB93-9C62288D3FB0}"
	ProjectSection(ProjectDependencies) = postProject
		{06804A51-B6C3-4EE0-999A-AE64458419DE} = {06804A51-B6C3-4EE0-999A-AE64458419DE}
		{B2058438-DE70-49D0-B896-F850B8143E5D} = {B2058438-DE70-49D0-B896-F850B8143E5D}
	EndProjectSection
EndProject
Project("{9A19103F-16F7-4668-BE54-9A1E7A4F7556}") = "Sat.Recruitment.Test", "Sat.Recruitment.Test\Sat.Recruitment.Test.csproj", "{42E696E9-2672-4B91-AD96-353A69F7219C}"
EndProject
Project("{FAE04EC0-301F-11D3-BF4B-00C04F79EFBC}") = "Sat.Recruiment.Business", "Sat.Recruiment.Business\Sat.Recruiment.Business.csproj", "{06804A51-B6C3-4EE0-999A-AE64458419DE}"
EndProject
Project("{FAE04EC0-301F-11D3-BF4B-00C04F79EFBC}") = "Sat.Recruiment.IBusiness", "Sat.Recruiment.IBusiness\Sat.Recruiment.IBusiness.csproj", "{B2058438-DE70-49D0-B896-F850B8143E5D}"
EndProject
Project("{FAE04EC0-301F-11D3-BF4B-00C04F79EFBC}") = "Sat.Recruiment.IData", "Sat.Recruiment.IData\Sat.Recruiment.IData.csproj", "{BFAEE252-5875-46B9-A119-A5F9337008D2}"
EndProject
Project("{FAE04EC0-301F-11D3-BF4B-00C04F79EFBC}") = "Sat.Recruiment.Model", "Sat.Recruiment.Model\Sat.Recruiment.Model.csproj", "{1EB3643A-5624-4586-8449-F03B0744D847}"
EndProject
Project("{FAE04EC0-301F-11D3-BF4B-00C04F79EFBC}") = "Sat.Recruiment.Data", "Sat.Recruiment.Data\Sat.Recruiment.Data.csproj", "{ACB0E18B-D99D-47CE-9E28-4202EB8D7C17}"
EndProject
Global
	GlobalSection(SolutionConfigurationPlatforms) = preSolution
		Debug|Any CPU = Debug|Any CPU
		Debug|ARM = Debug|ARM
		Debug|ARM64 = Debug|ARM64
		Debug|x64 = Debug|x64
		Debug|x86 = Debug|x86
		Release|Any CPU = Release|Any CPU
		Release|ARM = Release|ARM
		Release|ARM64 = Release|ARM64
		Release|x64 = Release|x64
		Release|x86 = Release|x86
	EndGlobalSection
	GlobalSection(ProjectConfigurationPlatforms) = postSolution
		{1F342EA2-E7B1-4E53-AB93-9C62288D3FB0}.Debug|Any CPU.ActiveCfg = Debug|Any CPU
		{1F342EA2-E7B1-4E53-AB93-9C62288D3FB0}.Debug|Any CPU.Build.0 = Debug|Any CPU
		{1F342EA2-E7B1-4E53-AB93-9C62288D3FB0}.Debug|ARM.ActiveCfg = Debug|Any CPU
		{1F342EA2-E7B1-4E53-AB93-9C62288D3FB0}.Debug|ARM.Build.0 = Debug|Any CPU
		{1F342EA2-E7B1-4E53-AB93-9C62288D3FB0}.Debug|ARM64.ActiveCfg = Debug|Any CPU
		{1F342EA2-E7B1-4E53-AB93-9C62288D3FB0}.Debug|ARM64.Build.0 = Debug|Any CPU
		{1F342EA2-E7B1-4E53-AB93-9C62288D3FB0}.Debug|x64.ActiveCfg = Debug|Any CPU
		{1F342EA2-E7B1-4E53-AB93-9C62288D3FB0}.Debug|x64.Build.0 = Debug|Any CPU
		{1F342EA2-E7B1-4E53-AB93-9C62288D3FB0}.Debug|x86.ActiveCfg = Debug|Any CPU
		{1F342EA2-E7B1-4E53-AB93-9C62288D3FB0}.Debug|x86.Build.0 = Debug|Any CPU
		{1F342EA2-E7B1-4E53-AB93-9C62288D3FB0}.Release|Any CPU.ActiveCfg = Release|Any CPU
		{1F342EA2-E7B1-4E53-AB93-9C62288D3FB0}.Release|Any CPU.Build.0 = Release|Any CPU
		{1F342EA2-E7B1-4E53-AB93-9C62288D3FB0}.Release|ARM.ActiveCfg = Release|Any CPU
		{1F342EA2-E7B1-4E53-AB93-9C62288D3FB0}.Release|ARM.Build.0 = Release|Any CPU
		{1F342EA2-E7B1-4E53-AB93-9C62288D3FB0}.Release|ARM64.ActiveCfg = Release|Any CPU
		{1F342EA2-E7B1-4E53-AB93-9C62288D3FB0}.Release|ARM64.Build.0 = Release|Any CPU
		{1F342EA2-E7B1-4E53-AB93-9C62288D3FB0}.Release|x64.ActiveCfg = Release|Any CPU
		{1F342EA2-E7B1-4E53-AB93-9C62288D3FB0}.Release|x64.Build.0 = Release|Any CPU
		{1F342EA2-E7B1-4E53-AB93-9C62288D3FB0}.Release|x86.ActiveCfg = Release|Any CPU
		{1F342EA2-E7B1-4E53-AB93-9C62288D3FB0}.Release|x86.Build.0 = Release|Any CPU
		{42E696E9-2672-4B91-AD96-353A69F7219C}.Debug|Any CPU.ActiveCfg = Debug|Any CPU
		{42E696E9-2672-4B91-AD96-353A69F7219C}.Debug|Any CPU.Build.0 = Debug|Any CPU
		{42E696E9-2672-4B91-AD96-353A69F7219C}.Debug|ARM.ActiveCfg = Debug|Any CPU
		{42E696E9-2672-4B91-AD96-353A69F7219C}.Debug|ARM.Build.0 = Debug|Any CPU
		{42E696E9-2672-4B91-AD96-353A69F7219C}.Debug|ARM64.ActiveCfg = Debug|Any CPU
		{42E696E9-2672-4B91-AD96-353A69F7219C}.Debug|ARM64.Build.0 = Debug|Any CPU
		{42E696E9-2672-4B91-AD96-353A69F7219C}.Debug|x64.ActiveCfg = Debug|Any CPU
		{42E696E9-2672-4B91-AD96-353A69F7219C}.Debug|x64.Build.0 = Debug|Any CPU
		{42E696E9-2672-4B91-AD96-353A69F7219C}.Debug|x86.ActiveCfg = Debug|Any CPU
		{42E696E9-2672-4B91-AD96-353A69F7219C}.Debug|x86.Build.0 = Debug|Any CPU
		{42E696E9-2672-4B91-AD96-353A69F7219C}.Release|Any CPU.ActiveCfg = Release|Any CPU
		{42E696E9-2672-4B91-AD96-353A69F7219C}.Release|Any CPU.Build.0 = Release|Any CPU
		{42E696E9-2672-4B91-AD96-353A69F7219C}.Release|ARM.ActiveCfg = Release|Any CPU
		{42E696E9-2672-4B91-AD96-353A69F7219C}.Release|ARM.Build.0 = Release|Any CPU
		{42E696E9-2672-4B91-AD96-353A69F7219C}.Release|ARM64.ActiveCfg = Release|Any CPU
		{42E696E9-2672-4B91-AD96-353A69F7219C}.Release|ARM64.Build.0 = Release|Any CPU
		{42E696E9-2672-4B91-AD96-353A69F7219C}.Release|x64.ActiveCfg = Release|Any CPU
		{42E696E9-2672-4B91-AD96-353A69F7219C}.Release|x64.Build.0 = Release|Any CPU
		{42E696E9-2672-4B91-AD96-353A69F7219C}.Release|x86.ActiveCfg = Release|Any CPU
		{42E696E9-2672-4B91-AD96-353A69F7219C}.Release|x86.Build.0 = Release|Any CPU
		{06804A51-B6C3-4EE0-999A-AE64458419DE}.Debug|Any CPU.ActiveCfg = Debug|Any CPU
		{06804A51-B6C3-4EE0-999A-AE64458419DE}.Debug|Any CPU.Build.0 = Debug|Any CPU
		{06804A51-B6C3-4EE0-999A-AE64458419DE}.Debug|ARM.ActiveCfg = Debug|Any CPU
		{06804A51-B6C3-4EE0-999A-AE64458419DE}.Debug|ARM.Build.0 = Debug|Any CPU
		{06804A51-B6C3-4EE0-999A-AE64458419DE}.Debug|ARM64.ActiveCfg = Debug|Any CPU
		{06804A51-B6C3-4EE0-999A-AE64458419DE}.Debug|ARM64.Build.0 = Debug|Any CPU
		{06804A51-B6C3-4EE0-999A-AE64458419DE}.Debug|x64.ActiveCfg = Debug|Any CPU
		{06804A51-B6C3-4EE0-999A-AE64458419DE}.Debug|x64.Build.0 = Debug|Any CPU
		{06804A51-B6C3-4EE0-999A-AE64458419DE}.Debug|x86.ActiveCfg = Debug|Any CPU
		{06804A51-B6C3-4EE0-999A-AE64458419DE}.Debug|x86.Build.0 = Debug|Any CPU
		{06804A51-B6C3-4EE0-999A-AE64458419DE}.Release|Any CPU.ActiveCfg = Release|Any CPU
		{06804A51-B6C3-4EE0-999A-AE64458419DE}.Release|Any CPU.Build.0 = Release|Any CPU
		{06804A51-B6C3-4EE0-999A-AE64458419DE}.Release|ARM.ActiveCfg = Release|Any CPU
		{06804A51-B6C3-4EE0-999A-AE64458419DE}.Release|ARM.Build.0 = Release|Any CPU
		{06804A51-B6C3-4EE0-999A-AE64458419DE}.Release|ARM64.ActiveCfg = Release|Any CPU
		{06804A51-B6C3-4EE0-999A-AE64458419DE}.Release|ARM64.Build.0 = Release|Any CPU
		{06804A51-B6C3-4EE0-999A-AE64458419DE}.Release|x64.ActiveCfg = Release|Any CPU
		{06804A51-B6C3-4EE0-999A-AE64458419DE}.Release|x64.Build.0 = Release|Any CPU
		{06804A51-B6C3-4EE0-999A-AE64458419DE}.Release|x86.ActiveCfg = Release|Any CPU
		{06804A51-B6C3-4EE0-999A-AE64458419DE}.Release|x86.Build.0 = Release|Any CPU
		{B2058438-DE70-49D0-B896-F850B8143E5D}.Debug|Any CPU.ActiveCfg = Debug|Any CPU
		{B2058438-DE70-49D0-B896-F850B8143E5D}.Debug|Any CPU.Build.0 = Debug|Any CPU
		{B2058438-DE70-49D0-B896-F850B8143E5D}.Debug|ARM.ActiveCfg = Debug|Any CPU
		{B2058438-DE70-49D0-B896-F850B8143E5D}.Debug|ARM.Build.0 = Debug|Any CPU
		{B2058438-DE70-49D0-B896-F850B8143E5D}.Debug|ARM64.ActiveCfg = Debug|Any CPU
		{B2058438-DE70-49D0-B896-F850B8143E5D}.Debug|ARM64.Build.0 = Debug|Any CPU
		{B2058438-DE70-49D0-B896-F850B8143E5D}.Debug|x64.ActiveCfg = Debug|Any CPU
		{B2058438-DE70-49D0-B896-F850B8143E5D}.Debug|x64.Build.0 = Debug|Any CPU
		{B2058438-DE70-49D0-B896-F850B8143E5D}.Debug|x86.ActiveCfg = Debug|Any CPU
		{B2058438-DE70-49D0-B896-F850B8143E5D}.Debug|x86.Build.0 = Debug|Any CPU
		{B2058438-DE70-49D0-B896-F850B8143E5D}.Release|Any CPU.ActiveCfg = Release|Any CPU
		{B2058438-DE70-49D0-B896-F850B8143E5D}.Release|Any CPU.Build.0 = Release|Any CPU
		{B2058438-DE70-49D0-B896-F850B8143E5D}.Release|ARM.ActiveCfg = Release|Any CPU
		{B2058438-DE70-49D0-B896-F850B8143E5D}.Release|ARM.Build.0 = Release|Any CPU
		{B2058438-DE70-49D0-B896-F850B8143E5D}.Release|ARM64.ActiveCfg = Release|Any CPU
		{B2058438-DE70-49D0-B896-F850B8143E5D}.Release|ARM64.Build.0 = Release|Any CPU
		{B2058438-DE70-49D0-B896-F850B8143E5D}.Release|x64.ActiveCfg = Release|Any CPU
		{B2058438-DE70-49D0-B896-F850B8143E5D}.Release|x64.Build.0 = Release|Any CPU
		{B2058438-DE70-49D0-B896-F850B8143E5D}.Release|x86.ActiveCfg = Release|Any CPU
		{B2058438-DE70-49D0-B896-F850B8143E5D}.Release|x86.Build.0 = Release|Any CPU
		{BFAEE252-5875-46B9-A119-A5F9337008D2}.Debug|Any CPU.ActiveCfg = Debug|Any CPU
		{BFAEE252-5875-46B9-A119-A5F9337008D2}.Debug|Any CPU.Build.0 = Debug|Any CPU
		{BFAEE252-5875-46B9-A119-A5F9337008D2}.Debug|ARM.ActiveCfg = Debug|Any CPU
		{BFAEE252-5875-46B9-A119-A5F9337008D2}.Debug|ARM.Build.0 = Debug|Any CPU
		{BFAEE252-5875-46B9-A119-A5F9337008D2}.Debug|ARM64.ActiveCfg = Debug|Any CPU
		{BFAEE252-5875-46B9-A119-A5F9337008D2}.Debug|ARM64.Build.0 = Debug|Any CPU
		{BFAEE252-5875-46B9-A119-A5F9337008D2}.Debug|x64.ActiveCfg = Debug|Any CPU
		{BFAEE252-5875-46B9-A119-A5F9337008D2}.Debug|x64.Build.0 = Debug|Any CPU
		{BFAEE252-5875-46B9-A119-A5F9337008D2}.Debug|x86.ActiveCfg = Debug|Any CPU
		{BFAEE252-5875-46B9-A119-A5F9337008D2}.Debug|x86.Build.0 = Debug|Any CPU
		{BFAEE252-5875-46B9-A119-A5F9337008D2}.Release|Any CPU.ActiveCfg = Release|Any CPU
		{BFAEE252-5875-46B9-A119-A5F9337008D2}.Release|Any CPU.Build.0 = Release|Any CPU
		{BFAEE252-5875-46B9-A119-A5F9337008D2}.Release|ARM.ActiveCfg = Release|Any CPU
		{BFAEE252-5875-46B9-A119-A5F9337008D2}.Release|ARM.Build.0 = Release|Any CPU
		{BFAEE252-5875-46B9-A119-A5F9337008D2}.Release|ARM64.ActiveCfg = Release|Any CPU
		{BFAEE252-5875-46B9-A119-A5F9337008D2}.Release|ARM64.Build.0 = Release|Any CPU
		{BFAEE252-5875-46B9-A119-A5F9337008D2}.Release|x64.ActiveCfg = Release|Any CPU
		{BFAEE252-5875-46B9-A119-A5F9337008D2}.Release|x64.Build.0 = Release|Any CPU
		{BFAEE252-5875-46B9-A119-A5F9337008D2}.Release|x86.ActiveCfg = Release|Any CPU
		{BFAEE252-5875-46B9-A119-A5F9337008D2}.Release|x86.Build.0 = Release|Any CPU
		{1EB3643A-5624-4586-8449-F03B0744D847}.Debug|Any CPU.ActiveCfg = Debug|Any CPU
		{1EB3643A-5624-4586-8449-F03B0744D847}.Debug|Any CPU.Build.0 = Debug|Any CPU
		{1EB3643A-5624-4586-8449-F03B0744D847}.Debug|ARM.ActiveCfg = Debug|Any CPU
		{1EB3643A-5624-4586-8449-F03B0744D847}.Debug|ARM.Build.0 = Debug|Any CPU
		{1EB3643A-5624-4586-8449-F03B0744D847}.Debug|ARM64.ActiveCfg = Debug|Any CPU
		{1EB3643A-5624-4586-8449-F03B0744D847}.Debug|ARM64.Build.0 = Debug|Any CPU
		{1EB3643A-5624-4586-8449-F03B0744D847}.Debug|x64.ActiveCfg = Debug|Any CPU
		{1EB3643A-5624-4586-8449-F03B0744D847}.Debug|x64.Build.0 = Debug|Any CPU
		{1EB3643A-5624-4586-8449-F03B0744D847}.Debug|x86.ActiveCfg = Debug|Any CPU
		{1EB3643A-5624-4586-8449-F03B0744D847}.Debug|x86.Build.0 = Debug|Any CPU
		{1EB3643A-5624-4586-8449-F03B0744D847}.Release|Any CPU.ActiveCfg = Release|Any CPU
		{1EB3643A-5624-4586-8449-F03B0744D847}.Release|Any CPU.Build.0 = Release|Any CPU
		{1EB3643A-5624-4586-8449-F03B0744D847}.Release|ARM.ActiveCfg = Release|Any CPU
		{1EB3643A-5624-4586-8449-F03B0744D847}.Release|ARM.Build.0 = Release|Any CPU
		{1EB3643A-5624-4586-8449-F03B0744D847}.Release|ARM64.ActiveCfg = Release|Any CPU
		{1EB3643A-5624-4586-8449-F03B0744D847}.Release|ARM64.Build.0 = Release|Any CPU
		{1EB3643A-5624-4586-8449-F03B0744D847}.Release|x64.ActiveCfg = Release|Any CPU
		{1EB3643A-5624-4586-8449-F03B0744D847}.Release|x64.Build.0 = Release|Any CPU
		{1EB3643A-5624-4586-8449-F03B0744D847}.Release|x86.ActiveCfg = Release|Any CPU
		{1EB3643A-5624-4586-8449-F03B0744D847}.Release|x86.Build.0 = Release|Any CPU
		{ACB0E18B-D99D-47CE-9E28-4202EB8D7C17}.Debug|Any CPU.ActiveCfg = Debug|Any CPU
		{ACB0E18B-D99D-47CE-9E28-4202EB8D7C17}.Debug|Any CPU.Build.0 = Debug|Any CPU
		{ACB0E18B-D99D-47CE-9E28-4202EB8D7C17}.Debug|ARM.ActiveCfg = Debug|Any CPU
		{ACB0E18B-D99D-47CE-9E28-4202EB8D7C17}.Debug|ARM.Build.0 = Debug|Any CPU
		{ACB0E18B-D99D-47CE-9E28-4202EB8D7C17}.Debug|ARM64.ActiveCfg = Debug|Any CPU
		{ACB0E18B-D99D-47CE-9E28-4202EB8D7C17}.Debug|ARM64.Build.0 = Debug|Any CPU
		{ACB0E18B-D99D-47CE-9E28-4202EB8D7C17}.Debug|x64.ActiveCfg = Debug|Any CPU
		{ACB0E18B-D99D-47CE-9E28-4202EB8D7C17}.Debug|x64.Build.0 = Debug|Any CPU
		{ACB0E18B-D99D-47CE-9E28-4202EB8D7C17}.Debug|x86.ActiveCfg = Debug|Any CPU
		{ACB0E18B-D99D-47CE-9E28-4202EB8D7C17}.Debug|x86.Build.0 = Debug|Any CPU
		{ACB0E18B-D99D-47CE-9E28-4202EB8D7C17}.Release|Any CPU.ActiveCfg = Release|Any CPU
		{ACB0E18B-D99D-47CE-9E28-4202EB8D7C17}.Release|Any CPU.Build.0 = Release|Any CPU
		{ACB0E18B-D99D-47CE-9E28-4202EB8D7C17}.Release|ARM.ActiveCfg = Release|Any CPU
		{ACB0E18B-D99D-47CE-9E28-4202EB8D7C17}.Release|ARM.Build.0 = Release|Any CPU
		{ACB0E18B-D99D-47CE-9E28-4202EB8D7C17}.Release|ARM64.ActiveCfg = Release|Any CPU
		{ACB0E18B-D99D-47CE-9E28-4202EB8D7C17}.Release|ARM64.Build.0 = Release|Any CPU
		{ACB0E18B-D99D-47CE-9E28-4202EB8D7C17}.Release|x64.ActiveCfg = Release|Any CPU
		{ACB0E18B-D99D-47CE-9E28-4202EB8D7C17}.Release|x64.Build.0 = Release|Any CPU
		{ACB0E18B-D99D-47CE-9E28-4202EB8D7C17}.Release|x86.ActiveCfg = Release|Any CPU
		{ACB0E18B-D99D-47CE-9E28-4202EB8D7C17}.Release|x86.Build.0 = Release|Any CPU
	EndGlobalSection
	GlobalSection(SolutionProperties) = preSolution
		HideSolutionNode = FALSE
	EndGlobalSection
	GlobalSection(ExtensibilityGlobals) = postSolution
		SolutionGuid = {A2A05765-05B9-484D-8D3D-506849EB716F}
	EndGlobalSection
EndGlobal
